
Microsoft Visual Studio Solution File, Format Version 12.00
# Visual Studio Version 17
VisualStudioVersion = 17.10.34928.147
MinimumVisualStudioVersion = 10.0.40219.1
Project("{FAE04EC0-301F-11D3-BF4B-00C04F79EFBC}") = "MyTime", "MyTime\MyTime.csproj", "{5EC501B1-7070-4FC2-9472-DC4E3B8C5C61}"
EndProject
Global
	GlobalSection(SolutionConfigurationPlatforms) = preSolution
		Debug|Any CPU = Debug|Any CPU
		Release|Any CPU = Release|Any CPU
	EndGlobalSection
	GlobalSection(ProjectConfigurationPlatforms) = postSolution
		{5EC501B1-7070-4FC2-9472-DC4E3B8C5C61}.Debug|Any CPU.ActiveCfg = Debug|Any CPU
		{5EC501B1-7070-4FC2-9472-DC4E3B8C5C61}.Debug|Any CPU.Build.0 = Debug|Any CPU
		{5EC501B1-7070-4FC2-9472-DC4E3B8C5C61}.Debug|Any CPU.Deploy.0 = Debug|Any CPU
		{5EC501B1-7070-4FC2-9472-DC4E3B8C5C61}.Release|Any CPU.ActiveCfg = Release|Any CPU
		{5EC501B1-7070-4FC2-9472-DC4E3B8C5C61}.Release|Any CPU.Build.0 = Release|Any CPU
		{5EC501B1-7070-4FC2-9472-DC4E3B8C5C61}.Release|Any CPU.Deploy.0 = Release|Any CPU
	EndGlobalSection
	GlobalSection(SolutionProperties) = preSolution
		HideSolutionNode = FALSE
	EndGlobalSection
	GlobalSection(ExtensibilityGlobals) = postSolution
		SolutionGuid = {CF0C83D6-687A-4EB6-93AC-2B0AADE38371}
	EndGlobalSection
EndGlobal
